// !$*UTF8*$!
{
	archiveVersion = 1;
	classes = {
	};
	objectVersion = 46;
	objects = {

/* Begin PBXBuildFile section */
		07CD39A31EDF3FB9000BD708 /* AppDelegate.swift in Sources */ = {isa = PBXBuildFile; fileRef = 07CD39A21EDF3FB9000BD708 /* AppDelegate.swift */; };
		07CD39AA1EDF3FB9000BD708 /* Main.storyboard in Resources */ = {isa = PBXBuildFile; fileRef = 07CD39A81EDF3FB9000BD708 /* Main.storyboard */; };
		07CD39AC1EDF3FB9000BD708 /* Assets.xcassets in Resources */ = {isa = PBXBuildFile; fileRef = 07CD39AB1EDF3FB9000BD708 /* Assets.xcassets */; };
		07CD39AF1EDF3FB9000BD708 /* LaunchScreen.storyboard in Resources */ = {isa = PBXBuildFile; fileRef = 07CD39AD1EDF3FB9000BD708 /* LaunchScreen.storyboard */; };
		07CD39B71EDF40FA000BD708 /* TableViewController.swift in Sources */ = {isa = PBXBuildFile; fileRef = 07CD39B61EDF40FA000BD708 /* TableViewController.swift */; };
/* End PBXBuildFile section */

/* Begin PBXFileReference section */
		07CD399F1EDF3FB9000BD708 /* TableViewSample.app */ = {isa = PBXFileReference; explicitFileType = wrapper.application; includeInIndex = 0; path = TableViewSample.app; sourceTree = BUILT_PRODUCTS_DIR; };
		07CD39A21EDF3FB9000BD708 /* AppDelegate.swift */ = {isa = PBXFileReference; lastKnownFileType = sourcecode.swift; path = AppDelegate.swift; sourceTree = "<group>"; };
		07CD39A91EDF3FB9000BD708 /* Base */ = {isa = PBXFileReference; lastKnownFileType = file.storyboard; name = Base; path = Base.lproj/Main.storyboard; sourceTree = "<group>"; };
		07CD39AB1EDF3FB9000BD708 /* Assets.xcassets */ = {isa = PBXFileReference; lastKnownFileType = folder.assetcatalog; path = Assets.xcassets; sourceTree = "<group>"; };
		07CD39AE1EDF3FB9000BD708 /* Base */ = {isa = PBXFileReference; lastKnownFileType = file.storyboard; name = Base; path = Base.lproj/LaunchScreen.storyboard; sourceTree = "<group>"; };
		07CD39B01EDF3FBA000BD708 /* Info.plist */ = {isa = PBXFileReference; lastKnownFileType = text.plist.xml; path = Info.plist; sourceTree = "<group>"; };
		07CD39B61EDF40FA000BD708 /* TableViewController.swift */ = {isa = PBXFileReference; fileEncoding = 4; lastKnownFileType = sourcecode.swift; path = TableViewController.swift; sourceTree = "<group>"; };
/* End PBXFileReference section */

/* Begin PBXFrameworksBuildPhase section */
		07CD399C1EDF3FB9000BD708 /* Frameworks */ = {
			isa = PBXFrameworksBuildPhase;
			buildActionMask = 2147483647;
			files = (
			);
			runOnlyForDeploymentPostprocessing = 0;
		};
/* End PBXFrameworksBuildPhase section */

/* Begin PBXGroup section */
		07CD39961EDF3FB9000BD708 = {
			isa = PBXGroup;
			children = (
				07CD39A11EDF3FB9000BD708 /* TableViewSample */,
				07CD39A01EDF3FB9000BD708 /* Products */,
			);
			sourceTree = "<group>";
		};
		07CD39A01EDF3FB9000BD708 /* Products */ = {
			isa = PBXGroup;
			children = (
				07CD399F1EDF3FB9000BD708 /* TableViewSample.app */,
			);
			name = Products;
			sourceTree = "<group>";
		};
		07CD39A11EDF3FB9000BD708 /* TableViewSample */ = {
			isa = PBXGroup;
			children = (
				07CD39A21EDF3FB9000BD708 /* AppDelegate.swift */,
				07CD39A81EDF3FB9000BD708 /* Main.storyboard */,
				07CD39AB1EDF3FB9000BD708 /* Assets.xcassets */,
				07CD39AD1EDF3FB9000BD708 /* LaunchScreen.storyboard */,
				07CD39B01EDF3FBA000BD708 /* Info.plist */,
				07CD39B61EDF40FA000BD708 /* TableViewController.swift */,
			);
			path = TableViewSample;
			sourceTree = "<group>";
		};
/* End PBXGroup section */

/* Begin PBXNativeTarget section */
		07CD399E1EDF3FB9000BD708 /* TableViewSample */ = {
			isa = PBXNativeTarget;
			buildConfigurationList = 07CD39B31EDF3FBA000BD708 /* Build configuration list for PBXNativeTarget "TableViewSample" */;
			buildPhases = (
				07CD399B1EDF3FB9000BD708 /* Sources */,
				07CD399C1EDF3FB9000BD708 /* Frameworks */,
				07CD399D1EDF3FB9000BD708 /* Resources */,
			);
			buildRules = (
			);
			dependencies = (
			);
			name = TableViewSample;
			productName = TableViewSample;
			productReference = 07CD399F1EDF3FB9000BD708 /* TableViewSample.app */;
			productType = "com.apple.product-type.application";
		};
/* End PBXNativeTarget section */

/* Begin PBXProject section */
		07CD39971EDF3FB9000BD708 /* Project object */ = {
			isa = PBXProject;
			attributes = {
				LastSwiftUpdateCheck = 0830;
				LastUpgradeCheck = 0830;
				ORGANIZATIONNAME = Woowrale;
				TargetAttributes = {
					07CD399E1EDF3FB9000BD708 = {
						CreatedOnToolsVersion = 8.3.2;
						DevelopmentTeam = PMD564329U;
						ProvisioningStyle = Automatic;
					};
				};
			};
			buildConfigurationList = 07CD399A1EDF3FB9000BD708 /* Build configuration list for PBXProject "TableViewSample" */;
			compatibilityVersion = "Xcode 3.2";
			developmentRegion = English;
			hasScannedForEncodings = 0;
			knownRegions = (
				en,
				Base,
			);
			mainGroup = 07CD39961EDF3FB9000BD708;
			productRefGroup = 07CD39A01EDF3FB9000BD708 /* Products */;
			projectDirPath = "";
			projectRoot = "";
			targets = (
				07CD399E1EDF3FB9000BD708 /* TableViewSample */,
			);
		};
/* End PBXProject section */

/* Begin PBXResourcesBuildPhase section */
		07CD399D1EDF3FB9000BD708 /* Resources */ = {
			isa = PBXResourcesBuildPhase;
			buildActionMask = 2147483647;
			files = (
				07CD39AF1EDF3FB9000BD708 /* LaunchScreen.storyboard in Resources */,
				07CD39AC1EDF3FB9000BD708 /* Assets.xcassets in Resources */,
				07CD39AA1EDF3FB9000BD708 /* Main.storyboard in Resources */,
			);
			runOnlyForDeploymentPostprocessing = 0;
		};
/* End PBXResourcesBuildPhase section */

/* Begin PBXSourcesBuildPhase section */
		07CD399B1EDF3FB9000BD708 /* Sources */ = {
			isa = PBXSourcesBuildPhase;
			buildActionMask = 2147483647;
			files = (
				07CD39A31EDF3FB9000BD708 /* AppDelegate.swift in Sources */,
				07CD39B71EDF40FA000BD708 /* TableViewController.swift in Sources */,
			);
			runOnlyForDeploymentPostprocessing = 0;
		};
/* End PBXSourcesBuildPhase section */

/* Begin PBXVariantGroup section */
		07CD39A81EDF3FB9000BD708 /* Main.storyboard */ = {
			isa = PBXVariantGroup;
			children = (
				07CD39A91EDF3FB9000BD708 /* Base */,
			);
			name = Main.storyboard;
			sourceTree = "<group>";
		};
		07CD39AD1EDF3FB9000BD708 /* LaunchScreen.storyboard */ = {
			isa = PBXVariantGroup;
			children = (
				07CD39AE1EDF3FB9000BD708 /* Base */,
			);
			name = LaunchScreen.storyboard;
			sourceTree = "<group>";
		};
/* End PBXVariantGroup section */

/* Begin XCBuildConfiguration section */
		07CD39B11EDF3FBA000BD708 /* Debug */ = {
			isa = XCBuildConfiguration;
			buildSettings = {
				ALWAYS_SEARCH_USER_PATHS = NO;
				CLANG_ANALYZER_NONNULL = YES;
				CLANG_ANALYZER_NUMBER_OBJECT_CONVERSION = YES_AGGRESSIVE;
				CLANG_CXX_LANGUAGE_STANDARD = "gnu++0x";
				CLANG_CXX_LIBRARY = "libc++";
				CLANG_ENABLE_MODULES = YES;
				CLANG_ENABLE_OBJC_ARC = YES;
				CLANG_WARN_BOOL_CONVERSION = YES;
				CLANG_WARN_CONSTANT_CONVERSION = YES;
				CLANG_WARN_DIRECT_OBJC_ISA_USAGE = YES_ERROR;
				CLANG_WARN_DOCUMENTATION_COMMENTS = YES;
				CLANG_WARN_EMPTY_BODY = YES;
				CLANG_WARN_ENUM_CONVERSION = YES;
				CLANG_WARN_INFINITE_RECURSION = YES;
				CLANG_WARN_INT_CONVERSION = YES;
				CLANG_WARN_OBJC_ROOT_CLASS = YES_ERROR;
				CLANG_WARN_SUSPICIOUS_MOVE = YES;
				CLANG_WARN_UNREACHABLE_CODE = YES;
				CLANG_WARN__DUPLICATE_METHOD_MATCH = YES;
				"CODE_SIGN_IDENTITY[sdk=iphoneos*]" = "iPhone Developer";
				COPY_PHASE_STRIP = NO;
				DEBUG_INFORMATION_FORMAT = dwarf;
				ENABLE_STRICT_OBJC_MSGSEND = YES;
				ENABLE_TESTABILITY = YES;
				GCC_C_LANGUAGE_STANDARD = gnu99;
				GCC_DYNAMIC_NO_PIC = NO;
				GCC_NO_COMMON_BLOCKS = YES;
				GCC_OPTIMIZATION_LEVEL = 0;
				GCC_PREPROCESSOR_DEFINITIONS = (
					"DEBUG=1",
					"$(inherited)",
				);
				GCC_WARN_64_TO_32_BIT_CONVERSION = YES;
				GCC_WARN_ABOUT_RETURN_TYPE = YES_ERROR;
				GCC_WARN_UNDECLARED_SELECTOR = YES;
				GCC_WARN_UNINITIALIZED_AUTOS = YES_AGGRESSIVE;
				GCC_WARN_UNUSED_FUNCTION = YES;
				GCC_WARN_UNUSED_VARIABLE = YES;
				IPHONEOS_DEPLOYMENT_TARGET = 10.3;
				MTL_ENABLE_DEBUG_INFO = YES;
				ONLY_ACTIVE_ARCH = YES;
				SDKROOT = iphoneos;
				SWIFT_ACTIVE_COMPILATION_CONDITIONS = DEBUG;
				SWIFT_OPTIMIZATION_LEVEL = "-Onone";
			};
			name = Debug;
		};
		07CD39B21EDF3FBA000BD708 /* Release */ = {
			isa = XCBuildConfiguration;
			buildSettings = {
				ALWAYS_SEARCH_USER_PATHS = NO;
				CLANG_ANALYZER_NONNULL = YES;
				CLANG_ANALYZER_NUMBER_OBJECT_CONVERSION = YES_AGGRESSIVE;
				CLANG_CXX_LANGUAGE_STANDARD = "gnu++0x";
				CLANG_CXX_LIBRARY = "libc++";
				CLANG_ENABLE_MODULES = YES;
				CLANG_ENABLE_OBJC_ARC = YES;
				CLANG_WARN_BOOL_CONVERSION = YES;
				CLANG_WARN_CONSTANT_CONVERSION = YES;
				CLANG_WARN_DIRECT_OBJC_ISA_USAGE = YES_ERROR;
				CLANG_WARN_DOCUMENTATION_COMMENTS = YES;
				CLANG_WARN_EMPTY_BODY = YES;
				CLANG_WARN_ENUM_CONVERSION = YES;
				CLANG_WARN_INFINITE_RECURSION = YES;
				CLANG_WARN_INT_CONVERSION = YES;
				CLANG_WARN_OBJC_ROOT_CLASS = YES_ERROR;
				CLANG_WARN_SUSPICIOUS_MOVE = YES;
				CLANG_WARN_UNREACHABLE_CODE = YES;
				CLANG_WARN__DUPLICATE_METHOD_MATCH = YES;
				"CODE_SIGN_IDENTITY[sdk=iphoneos*]" = "iPhone Developer";
				COPY_PHASE_STRIP = NO;
				DEBUG_INFORMATION_FORMAT = "dwarf-with-dsym";
				ENABLE_NS_ASSERTIONS = NO;
				ENABLE_STRICT_OBJC_MSGSEND = YES;
				GCC_C_LANGUAGE_STANDARD = gnu99;
				GCC_NO_COMMON_BLOCKS = YES;
				GCC_WARN_64_TO_32_BIT_CONVERSION = YES;
				GCC_WARN_ABOUT_RETURN_TYPE = YES_ERROR;
				GCC_WARN_UNDECLARED_SELECTOR = YES;
				GCC_WARN_UNINITIALIZED_AUTOS = YES_AGGRESSIVE;
				GCC_WARN_UNUSED_FUNCTION = YES;
				GCC_WARN_UNUSED_VARIABLE = YES;
				IPHONEOS_DEPLOYMENT_TARGET = 10.3;
				MTL_ENABLE_DEBUG_INFO = NO;
				SDKROOT = iphoneos;
				SWIFT_OPTIMIZATION_LEVEL = "-Owholemodule";
				VALIDATE_PRODUCT = YES;
			};
			name = Release;
		};
		07CD39B41EDF3FBA000BD708 /* Debug */ = {
			isa = XCBuildConfiguration;
			buildSettings = {
				ASSETCATALOG_COMPILER_APPICON_NAME = AppIcon;
				DEVELOPMENT_TEAM = PMD564329U;
				INFOPLIST_FILE = TableViewSample/Info.plist;
				LD_RUNPATH_SEARCH_PATHS = "$(inherited) @executable_path/Frameworks";
				PRODUCT_BUNDLE_IDENTIFIER = com.woowrale.ios.TableViewSample;
				PRODUCT_NAME = "$(TARGET_NAME)";
				SWIFT_VERSION = 3.0;
			};
			name = Debug;
		};
		07CD39B51EDF3FBA000BD708 /* Release */ = {
			isa = XCBuildConfiguration;
			buildSettings = {
				ASSETCATALOG_COMPILER_APPICON_NAME = AppIcon;
				DEVELOPMENT_TEAM = PMD564329U;
				INFOPLIST_FILE = TableViewSample/Info.plist;
				LD_RUNPATH_SEARCH_PATHS = "$(inherited) @executable_path/Frameworks";
				PRODUCT_BUNDLE_IDENTIFIER = com.woowrale.ios.TableViewSample;
				PRODUCT_NAME = "$(TARGET_NAME)";
				SWIFT_VERSION = 3.0;
			};
			name = Release;
		};
/* End XCBuildConfiguration section */

/* Begin XCConfigurationList section */
		07CD399A1EDF3FB9000BD708 /* Build configuration list for PBXProject "TableViewSample" */ = {
			isa = XCConfigurationList;
			buildConfigurations = (
				07CD39B11EDF3FBA000BD708 /* Debug */,
				07CD39B21EDF3FBA000BD708 /* Release */,
			);
			defaultConfigurationIsVisible = 0;
			defaultConfigurationName = Release;
		};
		07CD39B31EDF3FBA000BD708 /* Build configuration list for PBXNativeTarget "TableViewSample" */ = {
			isa = XCConfigurationList;
			buildConfigurations = (
				07CD39B41EDF3FBA000BD708 /* Debug */,
				07CD39B51EDF3FBA000BD708 /* Release */,
			);
			defaultConfigurationIsVisible = 0;
		};
/* End XCConfigurationList section */
	};
	rootObject = 07CD39971EDF3FB9000BD708 /* Project object */;
}
